
Microsoft Visual Studio Solution File, Format Version 12.00
# Visual Studio Version 16
VisualStudioVersion = 16.0.29306.81
MinimumVisualStudioVersion = 10.0.40219.1
Project("{8BC9CEB8-8B4A-11D0-8D11-00A0C91BC942}") = "heap_level3_disk_controller", "heap_level3_disk_controller\heap_level3_disk_controller.vcxproj", "{55B38FBF-A2F7-47A4-BD51-F2566DC56332}"
EndProject
Project("{8BC9CEB8-8B4A-11D0-8D11-00A0C91BC942}") = "greedy_level2_make_big_number", "greedy_level2_make_big_number\greedy_level2_make_big_number.vcxproj", "{D33488BB-ECAE-49FB-A286-B2E37911AF18}"
EndProject
Project("{8BC9CEB8-8B4A-11D0-8D11-00A0C91BC942}") = "greedy_level2_joystick", "greedy_level2_joystick\greedy_level2_joystick.vcxproj", "{B3161EDF-F048-4187-9EF7-16226B6CCA13}"
EndProject
Project("{8BC9CEB8-8B4A-11D0-8D11-00A0C91BC942}") = "greedy_level3_connect_island", "greedy_level3_connect_island\greedy_level3_connect_island.vcxproj", "{502BF926-B5BB-4346-9511-5F17E07B9570}"
EndProject
Project("{8BC9CEB8-8B4A-11D0-8D11-00A0C91BC942}") = "binarySearch_leve3_immigration", "binarySearch_leve3_immigration\binarySearch_leve3_immigration.vcxproj", "{E16D8394-DD0D-4DD2-A47C-B07BAC12E9BC}"
EndProject
Project("{8BC9CEB8-8B4A-11D0-8D11-00A0C91BC942}") = "DP_level3_expressN", "DP_level3_expressN\DP_level3_expressN.vcxproj", "{22309E44-0A6F-4A0F-BC53-308B4E8D7740}"
EndProject
Project("{8BC9CEB8-8B4A-11D0-8D11-00A0C91BC942}") = "DP_level3_int_triangle", "DP_level3_int_triangle\DP_level3_int_triangle.vcxproj", "{4E1C7CDC-1686-4F78-9700-172747CB4803}"
EndProject
Project("{8BC9CEB8-8B4A-11D0-8D11-00A0C91BC942}") = "DP_level3_road_to_school", "DP_level3_road_to_school\DP_level3_road_to_school.vcxproj", "{66210B4B-7930-4804-A9F8-1127768F690D}"
EndProject
Project("{8BC9CEB8-8B4A-11D0-8D11-00A0C91BC942}") = "Graph_level3_farthest_node", "Graph_level3_farthest_node\Graph_level3_farthest_node.vcxproj", "{A16303FF-748C-4E70-9633-590F6E4E88BE}"
EndProject
Project("{8BC9CEB8-8B4A-11D0-8D11-00A0C91BC942}") = "KAKAO2020_string_compression", "KAKAO2020_string_compression\KAKAO2020_string_compression.vcxproj", "{4A7BC07D-7C50-4876-BFD7-44C18657830F}"
EndProject
Project("{8BC9CEB8-8B4A-11D0-8D11-00A0C91BC942}") = "KAKAO2020_parenthesis_conversion", "KAKAO2020_parenthesis_conversion\KAKAO2020_parenthesis_conversion.vcxproj", "{4F6B167C-2A7F-4294-999D-E356CE2DC799}"
EndProject
Project("{8BC9CEB8-8B4A-11D0-8D11-00A0C91BC942}") = "KAKAO2020_lock_key", "KAKAO2020_lock_key\KAKAO2020_lock_key.vcxproj", "{D290DDB0-B04B-4539-BCFD-27F44B758F02}"
EndProject
Project("{8BC9CEB8-8B4A-11D0-8D11-00A0C91BC942}") = "KAKAO2020_lyrics_search", "KAKAO2020_lyrics_search\KAKAO2020_lyrics_search.vcxproj", "{D43111F7-E20F-41D8-A97D-B6D0F20BC0C9}"
EndProject
Project("{8BC9CEB8-8B4A-11D0-8D11-00A0C91BC942}") = "KAKAO2020_column_beam", "KAKAO2020_column_beam\KAKAO2020_column_beam.vcxproj", "{559389A6-1B89-48D3-AF74-0284CFE0E5E1}"
EndProject
Project("{8BC9CEB8-8B4A-11D0-8D11-00A0C91BC942}") = "KAKAO2020_wall_inspection", "KAKAO2020_wall_inspection\KAKAO2020_wall_inspection.vcxproj", "{6DCB8476-290E-43B5-9C62-B1A34CF2AFB5}"
EndProject
Project("{8BC9CEB8-8B4A-11D0-8D11-00A0C91BC942}") = "KAKAO2020_moving_block", "KAKAO2020_moving_block\KAKAO2020_moving_block.vcxproj", "{F06AF9DE-D88B-4411-954E-6ABCA7D07B60}"
EndProject
Global
	GlobalSection(SolutionConfigurationPlatforms) = preSolution
		Debug|x64 = Debug|x64
		Debug|x86 = Debug|x86
		Release|x64 = Release|x64
		Release|x86 = Release|x86
	EndGlobalSection
	GlobalSection(ProjectConfigurationPlatforms) = postSolution
		{55B38FBF-A2F7-47A4-BD51-F2566DC56332}.Debug|x64.ActiveCfg = Debug|x64
		{55B38FBF-A2F7-47A4-BD51-F2566DC56332}.Debug|x64.Build.0 = Debug|x64
		{55B38FBF-A2F7-47A4-BD51-F2566DC56332}.Debug|x86.ActiveCfg = Debug|Win32
		{55B38FBF-A2F7-47A4-BD51-F2566DC56332}.Debug|x86.Build.0 = Debug|Win32
		{55B38FBF-A2F7-47A4-BD51-F2566DC56332}.Release|x64.ActiveCfg = Release|x64
		{55B38FBF-A2F7-47A4-BD51-F2566DC56332}.Release|x64.Build.0 = Release|x64
		{55B38FBF-A2F7-47A4-BD51-F2566DC56332}.Release|x86.ActiveCfg = Release|Win32
		{55B38FBF-A2F7-47A4-BD51-F2566DC56332}.Release|x86.Build.0 = Release|Win32
		{D33488BB-ECAE-49FB-A286-B2E37911AF18}.Debug|x64.ActiveCfg = Debug|x64
		{D33488BB-ECAE-49FB-A286-B2E37911AF18}.Debug|x64.Build.0 = Debug|x64
		{D33488BB-ECAE-49FB-A286-B2E37911AF18}.Debug|x86.ActiveCfg = Debug|Win32
		{D33488BB-ECAE-49FB-A286-B2E37911AF18}.Debug|x86.Build.0 = Debug|Win32
		{D33488BB-ECAE-49FB-A286-B2E37911AF18}.Release|x64.ActiveCfg = Release|x64
		{D33488BB-ECAE-49FB-A286-B2E37911AF18}.Release|x64.Build.0 = Release|x64
		{D33488BB-ECAE-49FB-A286-B2E37911AF18}.Release|x86.ActiveCfg = Release|Win32
		{D33488BB-ECAE-49FB-A286-B2E37911AF18}.Release|x86.Build.0 = Release|Win32
		{B3161EDF-F048-4187-9EF7-16226B6CCA13}.Debug|x64.ActiveCfg = Debug|x64
		{B3161EDF-F048-4187-9EF7-16226B6CCA13}.Debug|x64.Build.0 = Debug|x64
		{B3161EDF-F048-4187-9EF7-16226B6CCA13}.Debug|x86.ActiveCfg = Debug|Win32
		{B3161EDF-F048-4187-9EF7-16226B6CCA13}.Debug|x86.Build.0 = Debug|Win32
		{B3161EDF-F048-4187-9EF7-16226B6CCA13}.Release|x64.ActiveCfg = Release|x64
		{B3161EDF-F048-4187-9EF7-16226B6CCA13}.Release|x64.Build.0 = Release|x64
		{B3161EDF-F048-4187-9EF7-16226B6CCA13}.Release|x86.ActiveCfg = Release|Win32
		{B3161EDF-F048-4187-9EF7-16226B6CCA13}.Release|x86.Build.0 = Release|Win32
		{502BF926-B5BB-4346-9511-5F17E07B9570}.Debug|x64.ActiveCfg = Debug|x64
		{502BF926-B5BB-4346-9511-5F17E07B9570}.Debug|x64.Build.0 = Debug|x64
		{502BF926-B5BB-4346-9511-5F17E07B9570}.Debug|x86.ActiveCfg = Debug|Win32
		{502BF926-B5BB-4346-9511-5F17E07B9570}.Debug|x86.Build.0 = Debug|Win32
		{502BF926-B5BB-4346-9511-5F17E07B9570}.Release|x64.ActiveCfg = Release|x64
		{502BF926-B5BB-4346-9511-5F17E07B9570}.Release|x64.Build.0 = Release|x64
		{502BF926-B5BB-4346-9511-5F17E07B9570}.Release|x86.ActiveCfg = Release|Win32
		{502BF926-B5BB-4346-9511-5F17E07B9570}.Release|x86.Build.0 = Release|Win32
		{E16D8394-DD0D-4DD2-A47C-B07BAC12E9BC}.Debug|x64.ActiveCfg = Debug|x64
		{E16D8394-DD0D-4DD2-A47C-B07BAC12E9BC}.Debug|x64.Build.0 = Debug|x64
		{E16D8394-DD0D-4DD2-A47C-B07BAC12E9BC}.Debug|x86.ActiveCfg = Debug|Win32
		{E16D8394-DD0D-4DD2-A47C-B07BAC12E9BC}.Debug|x86.Build.0 = Debug|Win32
		{E16D8394-DD0D-4DD2-A47C-B07BAC12E9BC}.Release|x64.ActiveCfg = Release|x64
		{E16D8394-DD0D-4DD2-A47C-B07BAC12E9BC}.Release|x64.Build.0 = Release|x64
		{E16D8394-DD0D-4DD2-A47C-B07BAC12E9BC}.Release|x86.ActiveCfg = Release|Win32
		{E16D8394-DD0D-4DD2-A47C-B07BAC12E9BC}.Release|x86.Build.0 = Release|Win32
		{22309E44-0A6F-4A0F-BC53-308B4E8D7740}.Debug|x64.ActiveCfg = Debug|x64
		{22309E44-0A6F-4A0F-BC53-308B4E8D7740}.Debug|x64.Build.0 = Debug|x64
		{22309E44-0A6F-4A0F-BC53-308B4E8D7740}.Debug|x86.ActiveCfg = Debug|Win32
		{22309E44-0A6F-4A0F-BC53-308B4E8D7740}.Debug|x86.Build.0 = Debug|Win32
		{22309E44-0A6F-4A0F-BC53-308B4E8D7740}.Release|x64.ActiveCfg = Release|x64
		{22309E44-0A6F-4A0F-BC53-308B4E8D7740}.Release|x64.Build.0 = Release|x64
		{22309E44-0A6F-4A0F-BC53-308B4E8D7740}.Release|x86.ActiveCfg = Release|Win32
		{22309E44-0A6F-4A0F-BC53-308B4E8D7740}.Release|x86.Build.0 = Release|Win32
		{4E1C7CDC-1686-4F78-9700-172747CB4803}.Debug|x64.ActiveCfg = Debug|x64
		{4E1C7CDC-1686-4F78-9700-172747CB4803}.Debug|x64.Build.0 = Debug|x64
		{4E1C7CDC-1686-4F78-9700-172747CB4803}.Debug|x86.ActiveCfg = Debug|Win32
		{4E1C7CDC-1686-4F78-9700-172747CB4803}.Debug|x86.Build.0 = Debug|Win32
		{4E1C7CDC-1686-4F78-9700-172747CB4803}.Release|x64.ActiveCfg = Release|x64
		{4E1C7CDC-1686-4F78-9700-172747CB4803}.Release|x64.Build.0 = Release|x64
		{4E1C7CDC-1686-4F78-9700-172747CB4803}.Release|x86.ActiveCfg = Release|Win32
		{4E1C7CDC-1686-4F78-9700-172747CB4803}.Release|x86.Build.0 = Release|Win32
		{66210B4B-7930-4804-A9F8-1127768F690D}.Debug|x64.ActiveCfg = Debug|x64
		{66210B4B-7930-4804-A9F8-1127768F690D}.Debug|x64.Build.0 = Debug|x64
		{66210B4B-7930-4804-A9F8-1127768F690D}.Debug|x86.ActiveCfg = Debug|Win32
		{66210B4B-7930-4804-A9F8-1127768F690D}.Debug|x86.Build.0 = Debug|Win32
		{66210B4B-7930-4804-A9F8-1127768F690D}.Release|x64.ActiveCfg = Release|x64
		{66210B4B-7930-4804-A9F8-1127768F690D}.Release|x64.Build.0 = Release|x64
		{66210B4B-7930-4804-A9F8-1127768F690D}.Release|x86.ActiveCfg = Release|Win32
		{66210B4B-7930-4804-A9F8-1127768F690D}.Release|x86.Build.0 = Release|Win32
		{A16303FF-748C-4E70-9633-590F6E4E88BE}.Debug|x64.ActiveCfg = Debug|x64
		{A16303FF-748C-4E70-9633-590F6E4E88BE}.Debug|x64.Build.0 = Debug|x64
		{A16303FF-748C-4E70-9633-590F6E4E88BE}.Debug|x86.ActiveCfg = Debug|Win32
		{A16303FF-748C-4E70-9633-590F6E4E88BE}.Debug|x86.Build.0 = Debug|Win32
		{A16303FF-748C-4E70-9633-590F6E4E88BE}.Release|x64.ActiveCfg = Release|x64
		{A16303FF-748C-4E70-9633-590F6E4E88BE}.Release|x64.Build.0 = Release|x64
		{A16303FF-748C-4E70-9633-590F6E4E88BE}.Release|x86.ActiveCfg = Release|Win32
		{A16303FF-748C-4E70-9633-590F6E4E88BE}.Release|x86.Build.0 = Release|Win32
		{4A7BC07D-7C50-4876-BFD7-44C18657830F}.Debug|x64.ActiveCfg = Debug|x64
		{4A7BC07D-7C50-4876-BFD7-44C18657830F}.Debug|x64.Build.0 = Debug|x64
		{4A7BC07D-7C50-4876-BFD7-44C18657830F}.Debug|x86.ActiveCfg = Debug|Win32
		{4A7BC07D-7C50-4876-BFD7-44C18657830F}.Debug|x86.Build.0 = Debug|Win32
		{4A7BC07D-7C50-4876-BFD7-44C18657830F}.Release|x64.ActiveCfg = Release|x64
		{4A7BC07D-7C50-4876-BFD7-44C18657830F}.Release|x64.Build.0 = Release|x64
		{4A7BC07D-7C50-4876-BFD7-44C18657830F}.Release|x86.ActiveCfg = Release|Win32
		{4A7BC07D-7C50-4876-BFD7-44C18657830F}.Release|x86.Build.0 = Release|Win32
		{4F6B167C-2A7F-4294-999D-E356CE2DC799}.Debug|x64.ActiveCfg = Debug|x64
		{4F6B167C-2A7F-4294-999D-E356CE2DC799}.Debug|x64.Build.0 = Debug|x64
		{4F6B167C-2A7F-4294-999D-E356CE2DC799}.Debug|x86.ActiveCfg = Debug|Win32
		{4F6B167C-2A7F-4294-999D-E356CE2DC799}.Debug|x86.Build.0 = Debug|Win32
		{4F6B167C-2A7F-4294-999D-E356CE2DC799}.Release|x64.ActiveCfg = Release|x64
		{4F6B167C-2A7F-4294-999D-E356CE2DC799}.Release|x64.Build.0 = Release|x64
		{4F6B167C-2A7F-4294-999D-E356CE2DC799}.Release|x86.ActiveCfg = Release|Win32
		{4F6B167C-2A7F-4294-999D-E356CE2DC799}.Release|x86.Build.0 = Release|Win32
		{D290DDB0-B04B-4539-BCFD-27F44B758F02}.Debug|x64.ActiveCfg = Debug|x64
		{D290DDB0-B04B-4539-BCFD-27F44B758F02}.Debug|x64.Build.0 = Debug|x64
		{D290DDB0-B04B-4539-BCFD-27F44B758F02}.Debug|x86.ActiveCfg = Debug|Win32
		{D290DDB0-B04B-4539-BCFD-27F44B758F02}.Debug|x86.Build.0 = Debug|Win32
		{D290DDB0-B04B-4539-BCFD-27F44B758F02}.Release|x64.ActiveCfg = Release|x64
		{D290DDB0-B04B-4539-BCFD-27F44B758F02}.Release|x64.Build.0 = Release|x64
		{D290DDB0-B04B-4539-BCFD-27F44B758F02}.Release|x86.ActiveCfg = Release|Win32
		{D290DDB0-B04B-4539-BCFD-27F44B758F02}.Release|x86.Build.0 = Release|Win32
		{D43111F7-E20F-41D8-A97D-B6D0F20BC0C9}.Debug|x64.ActiveCfg = Debug|x64
		{D43111F7-E20F-41D8-A97D-B6D0F20BC0C9}.Debug|x64.Build.0 = Debug|x64
		{D43111F7-E20F-41D8-A97D-B6D0F20BC0C9}.Debug|x86.ActiveCfg = Debug|Win32
		{D43111F7-E20F-41D8-A97D-B6D0F20BC0C9}.Debug|x86.Build.0 = Debug|Win32
		{D43111F7-E20F-41D8-A97D-B6D0F20BC0C9}.Release|x64.ActiveCfg = Release|x64
		{D43111F7-E20F-41D8-A97D-B6D0F20BC0C9}.Release|x64.Build.0 = Release|x64
		{D43111F7-E20F-41D8-A97D-B6D0F20BC0C9}.Release|x86.ActiveCfg = Release|Win32
		{D43111F7-E20F-41D8-A97D-B6D0F20BC0C9}.Release|x86.Build.0 = Release|Win32
		{559389A6-1B89-48D3-AF74-0284CFE0E5E1}.Debug|x64.ActiveCfg = Debug|x64
		{559389A6-1B89-48D3-AF74-0284CFE0E5E1}.Debug|x64.Build.0 = Debug|x64
		{559389A6-1B89-48D3-AF74-0284CFE0E5E1}.Debug|x86.ActiveCfg = Debug|Win32
		{559389A6-1B89-48D3-AF74-0284CFE0E5E1}.Debug|x86.Build.0 = Debug|Win32
		{559389A6-1B89-48D3-AF74-0284CFE0E5E1}.Release|x64.ActiveCfg = Release|x64
		{559389A6-1B89-48D3-AF74-0284CFE0E5E1}.Release|x64.Build.0 = Release|x64
		{559389A6-1B89-48D3-AF74-0284CFE0E5E1}.Release|x86.ActiveCfg = Release|Win32
		{559389A6-1B89-48D3-AF74-0284CFE0E5E1}.Release|x86.Build.0 = Release|Win32
		{6DCB8476-290E-43B5-9C62-B1A34CF2AFB5}.Debug|x64.ActiveCfg = Debug|x64
		{6DCB8476-290E-43B5-9C62-B1A34CF2AFB5}.Debug|x64.Build.0 = Debug|x64
		{6DCB8476-290E-43B5-9C62-B1A34CF2AFB5}.Debug|x86.ActiveCfg = Debug|Win32
		{6DCB8476-290E-43B5-9C62-B1A34CF2AFB5}.Debug|x86.Build.0 = Debug|Win32
		{6DCB8476-290E-43B5-9C62-B1A34CF2AFB5}.Release|x64.ActiveCfg = Release|x64
		{6DCB8476-290E-43B5-9C62-B1A34CF2AFB5}.Release|x64.Build.0 = Release|x64
		{6DCB8476-290E-43B5-9C62-B1A34CF2AFB5}.Release|x86.ActiveCfg = Release|Win32
		{6DCB8476-290E-43B5-9C62-B1A34CF2AFB5}.Release|x86.Build.0 = Release|Win32
		{F06AF9DE-D88B-4411-954E-6ABCA7D07B60}.Debug|x64.ActiveCfg = Debug|x64
		{F06AF9DE-D88B-4411-954E-6ABCA7D07B60}.Debug|x64.Build.0 = Debug|x64
		{F06AF9DE-D88B-4411-954E-6ABCA7D07B60}.Debug|x86.ActiveCfg = Debug|Win32
		{F06AF9DE-D88B-4411-954E-6ABCA7D07B60}.Debug|x86.Build.0 = Debug|Win32
		{F06AF9DE-D88B-4411-954E-6ABCA7D07B60}.Release|x64.ActiveCfg = Release|x64
		{F06AF9DE-D88B-4411-954E-6ABCA7D07B60}.Release|x64.Build.0 = Release|x64
		{F06AF9DE-D88B-4411-954E-6ABCA7D07B60}.Release|x86.ActiveCfg = Release|Win32
		{F06AF9DE-D88B-4411-954E-6ABCA7D07B60}.Release|x86.Build.0 = Release|Win32
	EndGlobalSection
	GlobalSection(SolutionProperties) = preSolution
		HideSolutionNode = FALSE
	EndGlobalSection
	GlobalSection(ExtensibilityGlobals) = postSolution
		SolutionGuid = {C9D16437-4D45-475F-BE8E-1F659DB5C76F}
	EndGlobalSection
EndGlobal
